
Microsoft Visual Studio Solution File, Format Version 12.00
# Visual Studio 15
VisualStudioVersion = 15.0.27130.2036
MinimumVisualStudioVersion = 10.0.40219.1
Project("{FAE04EC0-301F-11D3-BF4B-00C04F79EFBC}") = "Nfe", "Nfe\Nfe.csproj", "{3C42950A-FB7C-453D-9A56-FF3199B434CE}"
EndProject
Global
	GlobalSection(SolutionConfigurationPlatforms) = preSolution
		Debug|Any CPU = Debug|Any CPU
		Release|Any CPU = Release|Any CPU
	EndGlobalSection
	GlobalSection(ProjectConfigurationPlatforms) = postSolution
		{3C42950A-FB7C-453D-9A56-FF3199B434CE}.Debug|Any CPU.ActiveCfg = Debug|Any CPU
		{3C42950A-FB7C-453D-9A56-FF3199B434CE}.Debug|Any CPU.Build.0 = Debug|Any CPU
		{3C42950A-FB7C-453D-9A56-FF3199B434CE}.Release|Any CPU.ActiveCfg = Release|Any CPU
		{3C42950A-FB7C-453D-9A56-FF3199B434CE}.Release|Any CPU.Build.0 = Release|Any CPU
	EndGlobalSection
	GlobalSection(SolutionProperties) = preSolution
		HideSolutionNode = FALSE
	EndGlobalSection
	GlobalSection(ExtensibilityGlobals) = postSolution
		SolutionGuid = {46C125DC-B3A1-47B3-8AF5-3893D6FA07F3}
	EndGlobalSection
EndGlobal
